
Microsoft Visual Studio Solution File, Format Version 12.00
# Visual Studio Version 17
VisualStudioVersion = 17.6.33815.320
MinimumVisualStudioVersion = 10.0.40219.1
Project("{FAE04EC0-301F-11D3-BF4B-00C04F79EFBC}") = "RabbitMQ.Publisher", "RabbitMQ.Publisher.csproj", "{D85302F7-E408-4B3B-87E2-D17A021FC16B}"
EndProject
Global
	GlobalSection(SolutionConfigurationPlatforms) = preSolution
		Debug|Any CPU = Debug|Any CPU
		Release|Any CPU = Release|Any CPU
	EndGlobalSection
	GlobalSection(ProjectConfigurationPlatforms) = postSolution
		{D85302F7-E408-4B3B-87E2-D17A021FC16B}.Debug|Any CPU.ActiveCfg = Debug|Any CPU
		{D85302F7-E408-4B3B-87E2-D17A021FC16B}.Debug|Any CPU.Build.0 = Debug|Any CPU
		{D85302F7-E408-4B3B-87E2-D17A021FC16B}.Release|Any CPU.ActiveCfg = Release|Any CPU
		{D85302F7-E408-4B3B-87E2-D17A021FC16B}.Release|Any CPU.Build.0 = Release|Any CPU
	EndGlobalSection
	GlobalSection(SolutionProperties) = preSolution
		HideSolutionNode = FALSE
	EndGlobalSection
	GlobalSection(ExtensibilityGlobals) = postSolution
		SolutionGuid = {C6CA5315-6C3E-4680-8EC1-3DB2881F4BF4}
	EndGlobalSection
EndGlobal
